
Microsoft Visual Studio Solution File, Format Version 12.00
# Visual Studio Version 16
VisualStudioVersion = 16.0.31205.134
MinimumVisualStudioVersion = 10.0.40219.1
Project("{9A19103F-16F7-4668-BE54-9A1E7A4F7556}") = "DocumentManagement", "DocumentManagement\DocumentManagement.csproj", "{ED5565FF-1A99-48FB-AA23-9358316DC3EF}"
EndProject
Global
	GlobalSection(SolutionConfigurationPlatforms) = preSolution
		Debug|Any CPU = Debug|Any CPU
		Release|Any CPU = Release|Any CPU
	EndGlobalSection
	GlobalSection(ProjectConfigurationPlatforms) = postSolution
		{ED5565FF-1A99-48FB-AA23-9358316DC3EF}.Debug|Any CPU.ActiveCfg = Debug|Any CPU
		{ED5565FF-1A99-48FB-AA23-9358316DC3EF}.Debug|Any CPU.Build.0 = Debug|Any CPU
		{ED5565FF-1A99-48FB-AA23-9358316DC3EF}.Release|Any CPU.ActiveCfg = Release|Any CPU
		{ED5565FF-1A99-48FB-AA23-9358316DC3EF}.Release|Any CPU.Build.0 = Release|Any CPU
	EndGlobalSection
	GlobalSection(SolutionProperties) = preSolution
		HideSolutionNode = FALSE
	EndGlobalSection
	GlobalSection(ExtensibilityGlobals) = postSolution
		SolutionGuid = {EAA10F3F-A664-41B5-8BA6-187FF762CBDC}
	EndGlobalSection
EndGlobal
